Microsoft Visual Studio Solution File, Format Version 11.00
# Visual Studio 2008

Project("{B7152C25-237F-BA1A-BF2E-5E9151B907AC}") = "gearvr1", "Assembly-CSharp.csproj", "{DD2395B8-4417-34F1-5860-2D462CCF9FFE}"
EndProject
Global
	GlobalSection(SolutionConfigurationPlatforms) = preSolution
		Debug|Any CPU = Debug|Any CPU
		Release|Any CPU = Release|Any CPU
	EndGlobalSection
	GlobalSection(ProjectConfigurationPlatforms) = postSolution
		{DD2395B8-4417-34F1-5860-2D462CCF9FFE}.Debug|Any CPU.ActiveCfg = Debug|Any CPU
		{DD2395B8-4417-34F1-5860-2D462CCF9FFE}.Debug|Any CPU.Build.0 = Debug|Any CPU
		{DD2395B8-4417-34F1-5860-2D462CCF9FFE}.Release|Any CPU.ActiveCfg = Release|Any CPU
		{DD2395B8-4417-34F1-5860-2D462CCF9FFE}.Release|Any CPU.Build.0 = Release|Any CPU
	EndGlobalSection
	GlobalSection(SolutionProperties) = preSolution
		HideSolutionNode = FALSE
	EndGlobalSection
	GlobalSection(MonoDevelopProperties) = preSolution
		StartupItem = Assembly-CSharp.csproj
	EndGlobalSection
EndGlobal
